github.com/truexf/goutil v0.0.0-20210310064032-04bddd3c5b57 h1:EZ8KAZOBiW9W+mBzWQnfU9tRupzCi2raU82l2TOXslY=
github.com/truexf/goutil v0.0.0-20210310064032-04bddd3c5b57/go.mod h1:5L/d2jf2qJiv/nvGw+ppFojgPxY0Znf4rWPGeHY1mMQ=
github.com/truexf/goutil v1.0.0 h1:G2a2hBJu3XzYBFbKcyElpQyzs4DUJX989l/x76PD4So=
github.com/truexf/goutil v1.0.0/go.mod h1:5L/d2jf2qJiv/nvGw+ppFojgPxY0Znf4rWPGeHY1mMQ=
